
Microsoft Visual Studio Solution File, Format Version 12.00
# Visual Studio Version 16
VisualStudioVersion = 16.0.31613.86
MinimumVisualStudioVersion = 10.0.40219.1
Project("{9A19103F-16F7-4668-BE54-9A1E7A4F7556}") = "Technology", "Technology\Technology.csproj", "{B931A18D-B2C7-40BC-B12A-7E749129D3D7}"
EndProject
Project("{FAE04EC0-301F-11D3-BF4B-00C04F79EFBC}") = "TechnologyTests", "TechnologyTests\TechnologyTests.csproj", "{0E6515A6-82EF-428B-9634-16EA5FFE4BE5}"
EndProject
Global
	GlobalSection(SolutionConfigurationPlatforms) = preSolution
		Debug|Any CPU = Debug|Any CPU
		Release|Any CPU = Release|Any CPU
	EndGlobalSection
	GlobalSection(ProjectConfigurationPlatforms) = postSolution
		{B931A18D-B2C7-40BC-B12A-7E749129D3D7}.Debug|Any CPU.ActiveCfg = Debug|Any CPU
		{B931A18D-B2C7-40BC-B12A-7E749129D3D7}.Debug|Any CPU.Build.0 = Debug|Any CPU
		{B931A18D-B2C7-40BC-B12A-7E749129D3D7}.Release|Any CPU.ActiveCfg = Release|Any CPU
		{B931A18D-B2C7-40BC-B12A-7E749129D3D7}.Release|Any CPU.Build.0 = Release|Any CPU
		{0E6515A6-82EF-428B-9634-16EA5FFE4BE5}.Debug|Any CPU.ActiveCfg = Debug|Any CPU
		{0E6515A6-82EF-428B-9634-16EA5FFE4BE5}.Debug|Any CPU.Build.0 = Debug|Any CPU
		{0E6515A6-82EF-428B-9634-16EA5FFE4BE5}.Release|Any CPU.ActiveCfg = Release|Any CPU
		{0E6515A6-82EF-428B-9634-16EA5FFE4BE5}.Release|Any CPU.Build.0 = Release|Any CPU
	EndGlobalSection
	GlobalSection(SolutionProperties) = preSolution
		HideSolutionNode = FALSE
	EndGlobalSection
	GlobalSection(ExtensibilityGlobals) = postSolution
		SolutionGuid = {64DC7A8A-3912-456B-8A62-C693D10BFD05}
	EndGlobalSection
EndGlobal
